
Microsoft Visual Studio Solution File, Format Version 12.00
# Visual Studio Version 17
VisualStudioVersion = 17.14.37216.2
MinimumVisualStudioVersion = 10.0.40219.1
Project("{FAE04EC0-301F-11D3-BF4B-00C04F79EFBC}") = "WorkspaceJarvis.UI", "WorkspaceJarvis.UI.csproj", "{F2F26226-4F53-4038-A857-396C4FC1A33F}"
EndProject
Global
	GlobalSection(SolutionConfigurationPlatforms) = preSolution
		Debug|Any CPU = Debug|Any CPU
		Release|Any CPU = Release|Any CPU
	EndGlobalSection
	GlobalSection(ProjectConfigurationPlatforms) = postSolution
		{F2F26226-4F53-4038-A857-396C4FC1A33F}.Debug|Any CPU.ActiveCfg = Debug|Any CPU
		{F2F26226-4F53-4038-A857-396C4FC1A33F}.Debug|Any CPU.Build.0 = Debug|Any CPU
		{F2F26226-4F53-4038-A857-396C4FC1A33F}.Release|Any CPU.ActiveCfg = Release|Any CPU
		{F2F26226-4F53-4038-A857-396C4FC1A33F}.Release|Any CPU.Build.0 = Release|Any CPU
	EndGlobalSection
	GlobalSection(SolutionProperties) = preSolution
		HideSolutionNode = FALSE
	EndGlobalSection
	GlobalSection(ExtensibilityGlobals) = postSolution
		SolutionGuid = {63704119-F09C-4FEA-A58B-1E10C7A8617D}
	EndGlobalSection
EndGlobal
